
Microsoft Visual Studio Solution File, Format Version 12.00
# Visual Studio Version 17
VisualStudioVersion = 17.11.35219.272
MinimumVisualStudioVersion = 10.0.40219.1
Project("{2150E333-8FDC-42A3-9474-1A3956D46DE8}") = "docs", "docs", "{E4D23527-A7AB-42CC-AC70-1BF04361125C}"
	ProjectSection(SolutionItems) = preProject
		docs\versions.md = docs\versions.md
	EndProjectSection
EndProject
Project("{2150E333-8FDC-42A3-9474-1A3956D46DE8}") = "requirements", "requirements", "{82938942-04A5-4764-A0A6-9A6D8D93566B}"
EndProject
Project("{2150E333-8FDC-42A3-9474-1A3956D46DE8}") = "v1.0", "v1.0", "{DB51C948-5AB6-4E31-9B7B-D0CD3FE13C44}"
	ProjectSection(SolutionItems) = preProject
		docs\requirements\v1.0\business_requirements.md = docs\requirements\v1.0\business_requirements.md
		docs\requirements\v1.0\context_level_dataflow_diagram.drawio = docs\requirements\v1.0\context_level_dataflow_diagram.drawio
		docs\requirements\v1.0\context_level_dataflow_diagram.svg = docs\requirements\v1.0\context_level_dataflow_diagram.svg
		docs\requirements\v1.0\entity_relationship_diagram.drawio = docs\requirements\v1.0\entity_relationship_diagram.drawio
		docs\requirements\v1.0\entity_relationship_diagram.svg = docs\requirements\v1.0\entity_relationship_diagram.svg
		docs\requirements\v1.0\functional_requirements.md = docs\requirements\v1.0\functional_requirements.md
		docs\requirements\v1.0\process_decomposition_diagram.drawio = docs\requirements\v1.0\process_decomposition_diagram.drawio
		docs\requirements\v1.0\process_decomposition_diagram.svg = docs\requirements\v1.0\process_decomposition_diagram.svg
		docs\requirements\v1.0\scope.md = docs\requirements\v1.0\scope.md
		docs\requirements\v1.0\use_case_diagram.drawio = docs\requirements\v1.0\use_case_diagram.drawio
		docs\requirements\v1.0\use_case_diagram.svg = docs\requirements\v1.0\use_case_diagram.svg
	EndProjectSection
EndProject
Project("{2150E333-8FDC-42A3-9474-1A3956D46DE8}") = "Solution Items", "Solution Items", "{70A2338D-9D5A-4DB6-AD9E-DD6AE4B14E6A}"
	ProjectSection(SolutionItems) = preProject
		.gitignore = .gitignore
		LICENSE = LICENSE
		README.md = README.md
	EndProjectSection
EndProject
Project("{2150E333-8FDC-42A3-9474-1A3956D46DE8}") = "src", "src", "{D9AB8F32-923D-4987-ABD8-B2F54E50644F}"
EndProject
Project("{2150E333-8FDC-42A3-9474-1A3956D46DE8}") = "BoxContains.Category", "BoxContains.Category", "{4DEBF082-4774-4B30-ABBB-1B3993E00B1D}"
EndProject
Project("{2150E333-8FDC-42A3-9474-1A3956D46DE8}") = "src", "src", "{84B56482-F18D-418F-AB18-6C657BA69206}"
EndProject
Project("{2150E333-8FDC-42A3-9474-1A3956D46DE8}") = "core", "core", "{DC5CFBB4-E9B5-4E65-873E-FB8571514CC4}"
EndProject
Project("{FAE04EC0-301F-11D3-BF4B-00C04F79EFBC}") = "BoxContains.Category.Domain", "src\BoxContains.Category\src\core\BoxContains.Category.Domain\BoxContains.Category.Domain.csproj", "{15D59C5E-E361-46A1-8421-5E0CEFC32BBA}"
EndProject
Project("{FAE04EC0-301F-11D3-BF4B-00C04F79EFBC}") = "BoxContains.Category.Application", "BoxContains.Category.Application\BoxContains.Category.Application.csproj", "{02B941A4-8484-4AC3-9BD2-46C2F1C6ADB0}"
EndProject
Global
	GlobalSection(SolutionConfigurationPlatforms) = preSolution
		Debug|Any CPU = Debug|Any CPU
		Release|Any CPU = Release|Any CPU
	EndGlobalSection
	GlobalSection(ProjectConfigurationPlatforms) = postSolution
		{15D59C5E-E361-46A1-8421-5E0CEFC32BBA}.Debug|Any CPU.ActiveCfg = Debug|Any CPU
		{15D59C5E-E361-46A1-8421-5E0CEFC32BBA}.Debug|Any CPU.Build.0 = Debug|Any CPU
		{15D59C5E-E361-46A1-8421-5E0CEFC32BBA}.Release|Any CPU.ActiveCfg = Release|Any CPU
		{15D59C5E-E361-46A1-8421-5E0CEFC32BBA}.Release|Any CPU.Build.0 = Release|Any CPU
		{02B941A4-8484-4AC3-9BD2-46C2F1C6ADB0}.Debug|Any CPU.ActiveCfg = Debug|Any CPU
		{02B941A4-8484-4AC3-9BD2-46C2F1C6ADB0}.Debug|Any CPU.Build.0 = Debug|Any CPU
		{02B941A4-8484-4AC3-9BD2-46C2F1C6ADB0}.Release|Any CPU.ActiveCfg = Release|Any CPU
		{02B941A4-8484-4AC3-9BD2-46C2F1C6ADB0}.Release|Any CPU.Build.0 = Release|Any CPU
	EndGlobalSection
	GlobalSection(SolutionProperties) = preSolution
		HideSolutionNode = FALSE
	EndGlobalSection
	GlobalSection(NestedProjects) = preSolution
		{82938942-04A5-4764-A0A6-9A6D8D93566B} = {E4D23527-A7AB-42CC-AC70-1BF04361125C}
		{DB51C948-5AB6-4E31-9B7B-D0CD3FE13C44} = {82938942-04A5-4764-A0A6-9A6D8D93566B}
		{4DEBF082-4774-4B30-ABBB-1B3993E00B1D} = {D9AB8F32-923D-4987-ABD8-B2F54E50644F}
		{84B56482-F18D-418F-AB18-6C657BA69206} = {4DEBF082-4774-4B30-ABBB-1B3993E00B1D}
		{DC5CFBB4-E9B5-4E65-873E-FB8571514CC4} = {84B56482-F18D-418F-AB18-6C657BA69206}
		{15D59C5E-E361-46A1-8421-5E0CEFC32BBA} = {DC5CFBB4-E9B5-4E65-873E-FB8571514CC4}
		{02B941A4-8484-4AC3-9BD2-46C2F1C6ADB0} = {DC5CFBB4-E9B5-4E65-873E-FB8571514CC4}
	EndGlobalSection
	GlobalSection(ExtensibilityGlobals) = postSolution
		SolutionGuid = {5663B815-F037-4462-9822-97BF6477EF1B}
	EndGlobalSection
EndGlobal
